
Microsoft Visual Studio Solution File, Format Version 12.00
# Visual Studio Version 17
VisualStudioVersion = 17.10.35027.167
MinimumVisualStudioVersion = 10.0.40219.1
Project("{FAE04EC0-301F-11D3-BF4B-00C04F79EFBC}") = "Machines", "Machines.csproj", "{B331F59F-749F-4BCF-AB03-6F2894EF9CEB}"
EndProject
Global
	GlobalSection(SolutionConfigurationPlatforms) = preSolution
		Debug|Any CPU = Debug|Any CPU
		Release|Any CPU = Release|Any CPU
	EndGlobalSection
	GlobalSection(ProjectConfigurationPlatforms) = postSolution
		{B331F59F-749F-4BCF-AB03-6F2894EF9CEB}.Debug|Any CPU.ActiveCfg = Debug|Any CPU
		{B331F59F-749F-4BCF-AB03-6F2894EF9CEB}.Debug|Any CPU.Build.0 = Debug|Any CPU
		{B331F59F-749F-4BCF-AB03-6F2894EF9CEB}.Release|Any CPU.ActiveCfg = Release|Any CPU
		{B331F59F-749F-4BCF-AB03-6F2894EF9CEB}.Release|Any CPU.Build.0 = Release|Any CPU
	EndGlobalSection
	GlobalSection(SolutionProperties) = preSolution
		HideSolutionNode = FALSE
	EndGlobalSection
	GlobalSection(ExtensibilityGlobals) = postSolution
		SolutionGuid = {A573FD53-D8E5-4ABF-9FD3-98DBA3C41913}
	EndGlobalSection
EndGlobal
